// !$*UTF8*$!
{
	archiveVersion = 1;
	classes = {
	};
	objectVersion = 46;
	objects = {

/* Begin PBXBuildFile section */
		94B3E19319DBB49100A1B8E9 /* Foundation.framework in Frameworks */ = {isa = PBXBuildFile; fileRef = 94B3E19219DBB49100A1B8E9 /* Foundation.framework */; };
		94B3E19519DBB49100A1B8E9 /* CoreGraphics.framework in Frameworks */ = {isa = PBXBuildFile; fileRef = 94B3E19419DBB49100A1B8E9 /* CoreGraphics.framework */; };
		94B3E19719DBB49100A1B8E9 /* UIKit.framework in Frameworks */ = {isa = PBXBuildFile; fileRef = 94B3E19619DBB49100A1B8E9 /* UIKit.framework */; };
		94B3E19D19DBB49100A1B8E9 /* InfoPlist.strings in Resources */ = {isa = PBXBuildFile; fileRef = 94B3E19B19DBB49100A1B8E9 /* InfoPlist.strings */; };
		94B3E19F19DBB49100A1B8E9 /* main.m in Sources */ = {isa = PBXBuildFile; fileRef = 94B3E19E19DBB49100A1B8E9 /* main.m */; };
		94B3E1A319DBB49100A1B8E9 /* XYZAppDelegate.m in Sources */ = {isa = PBXBuildFile; fileRef = 94B3E1A219DBB49100A1B8E9 /* XYZAppDelegate.m */; };
		94B3E1A519DBB49100A1B8E9 /* Images.xcassets in Resources */ = {isa = PBXBuildFile; fileRef = 94B3E1A419DBB49100A1B8E9 /* Images.xcassets */; };
		94B3E1AC19DBB49100A1B8E9 /* XCTest.framework in Frameworks */ = {isa = PBXBuildFile; fileRef = 94B3E1AB19DBB49100A1B8E9 /* XCTest.framework */; };
		94B3E1AD19DBB49100A1B8E9 /* Foundation.framework in Frameworks */ = {isa = PBXBuildFile; fileRef = 94B3E19219DBB49100A1B8E9 /* Foundation.framework */; };
		94B3E1AE19DBB49100A1B8E9 /* UIKit.framework in Frameworks */ = {isa = PBXBuildFile; fileRef = 94B3E19619DBB49100A1B8E9 /* UIKit.framework */; };
		94B3E1B619DBB49100A1B8E9 /* InfoPlist.strings in Resources */ = {isa = PBXBuildFile; fileRef = 94B3E1B419DBB49100A1B8E9 /* InfoPlist.strings */; };
		94B3E1B819DBB49100A1B8E9 /* baseball_iosTests.m in Sources */ = {isa = PBXBuildFile; fileRef = 94B3E1B719DBB49100A1B8E9 /* baseball_iosTests.m */; };
		94B3E1C219DBB4D800A1B8E9 /* Main.storyboard in Resources */ = {isa = PBXBuildFile; fileRef = 94B3E1C119DBB4D800A1B8E9 /* Main.storyboard */; };
		94B3E1C519DBB61700A1B8E9 /* XYZBaseballAppViewController.m in Sources */ = {isa = PBXBuildFile; fileRef = 94B3E1C419DBB61700A1B8E9 /* XYZBaseballAppViewController.m */; };
/* End PBXBuildFile section */

/* Begin PBXContainerItemProxy section */
		94B3E1AF19DBB49100A1B8E9 /* PBXContainerItemProxy */ = {
			isa = PBXContainerItemProxy;
			containerPortal = 94B3E18719DBB49100A1B8E9 /* Project object */;
			proxyType = 1;
			remoteGlobalIDString = 94B3E18E19DBB49100A1B8E9;
			remoteInfo = baseball_ios;
		};
/* End PBXContainerItemProxy section */

/* Begin PBXFileReference section */
		94B3E18F19DBB49100A1B8E9 /* baseball_ios.app */ = {isa = PBXFileReference; explicitFileType = wrapper.application; includeInIndex = 0; path = baseball_ios.app; sourceTree = BUILT_PRODUCTS_DIR; };
		94B3E19219DBB49100A1B8E9 /* Foundation.framework */ = {isa = PBXFileReference; lastKnownFileType = wrapper.framework; name = Foundation.framework; path = System/Library/Frameworks/Foundation.framework; sourceTree = SDKROOT; };
		94B3E19419DBB49100A1B8E9 /* CoreGraphics.framework */ = {isa = PBXFileReference; lastKnownFileType = wrapper.framework; name = CoreGraphics.framework; path = System/Library/Frameworks/CoreGraphics.framework; sourceTree = SDKROOT; };
		94B3E19619DBB49100A1B8E9 /* UIKit.framework */ = {isa = PBXFileReference; lastKnownFileType = wrapper.framework; name = UIKit.framework; path = System/Library/Frameworks/UIKit.framework; sourceTree = SDKROOT; };
		94B3E19A19DBB49100A1B8E9 /* baseball_ios-Info.plist */ = {isa = PBXFileReference; lastKnownFileType = text.plist.xml; path = "baseball_ios-Info.plist"; sourceTree = "<group>"; };
		94B3E19C19DBB49100A1B8E9 /* en */ = {isa = PBXFileReference; lastKnownFileType = text.plist.strings; name = en; path = en.lproj/InfoPlist.strings; sourceTree = "<group>"; };
		94B3E19E19DBB49100A1B8E9 /* main.m */ = {isa = PBXFileReference; lastKnownFileType = sourcecode.c.objc; path = main.m; sourceTree = "<group>"; };
		94B3E1A019DBB49100A1B8E9 /* baseball_ios-Prefix.pch */ = {isa = PBXFileReference; lastKnownFileType = sourcecode.c.h; path = "baseball_ios-Prefix.pch"; sourceTree = "<group>"; };
		94B3E1A119DBB49100A1B8E9 /* XYZAppDelegate.h */ = {isa = PBXFileReference; lastKnownFileType = sourcecode.c.h; path = XYZAppDelegate.h; sourceTree = "<group>"; };
		94B3E1A219DBB49100A1B8E9 /* XYZAppDelegate.m */ = {isa = PBXFileReference; lastKnownFileType = sourcecode.c.objc; path = XYZAppDelegate.m; sourceTree = "<group>"; };
		94B3E1A419DBB49100A1B8E9 /* Images.xcassets */ = {isa = PBXFileReference; lastKnownFileType = folder.assetcatalog; path = Images.xcassets; sourceTree = "<group>"; };
		94B3E1AA19DBB49100A1B8E9 /* baseball_iosTests.xctest */ = {isa = PBXFileReference; explicitFileType = wrapper.cfbundle; includeInIndex = 0; path = baseball_iosTests.xctest; sourceTree = BUILT_PRODUCTS_DIR; };
		94B3E1AB19DBB49100A1B8E9 /* XCTest.framework */ = {isa = PBXFileReference; lastKnownFileType = wrapper.framework; name = XCTest.framework; path = Library/Frameworks/XCTest.framework; sourceTree = DEVELOPER_DIR; };
		94B3E1B319DBB49100A1B8E9 /* baseball_iosTests-Info.plist */ = {isa = PBXFileReference; lastKnownFileType = text.plist.xml; path = "baseball_iosTests-Info.plist"; sourceTree = "<group>"; };
		94B3E1B519DBB49100A1B8E9 /* en */ = {isa = PBXFileReference; lastKnownFileType = text.plist.strings; name = en; path = en.lproj/InfoPlist.strings; sourceTree = "<group>"; };
		94B3E1B719DBB49100A1B8E9 /* baseball_iosTests.m */ = {isa = PBXFileReference; lastKnownFileType = sourcecode.c.objc; path = baseball_iosTests.m; sourceTree = "<group>"; };
		94B3E1C119DBB4D800A1B8E9 /* Main.storyboard */ = {isa = PBXFileReference; fileEncoding = 4; lastKnownFileType = file.storyboard; path = Main.storyboard; sourceTree = "<group>"; };
		94B3E1C319DBB61700A1B8E9 /* XYZBaseballAppViewController.h */ = {isa = PBXFileReference; fileEncoding = 4; lastKnownFileType = sourcecode.c.h; path = XYZBaseballAppViewController.h; sourceTree = "<group>"; };
		94B3E1C419DBB61700A1B8E9 /* XYZBaseballAppViewController.m */ = {isa = PBXFileReference; fileEncoding = 4; lastKnownFileType = sourcecode.c.objc; path = XYZBaseballAppViewController.m; sourceTree = "<group>"; };
/* End PBXFileReference section */

/* Begin PBXFrameworksBuildPhase section */
		94B3E18C19DBB49100A1B8E9 /* Frameworks */ = {
			isa = PBXFrameworksBuildPhase;
			buildActionMask = 2147483647;
			files = (
				94B3E19519DBB49100A1B8E9 /* CoreGraphics.framework in Frameworks */,
				94B3E19719DBB49100A1B8E9 /* UIKit.framework in Frameworks */,
				94B3E19319DBB49100A1B8E9 /* Foundation.framework in Frameworks */,
			);
			runOnlyForDeploymentPostprocessing = 0;
		};
		94B3E1A719DBB49100A1B8E9 /* Frameworks */ = {
			isa = PBXFrameworksBuildPhase;
			buildActionMask = 2147483647;
			files = (
				94B3E1AC19DBB49100A1B8E9 /* XCTest.framework in Frameworks */,
				94B3E1AE19DBB49100A1B8E9 /* UIKit.framework in Frameworks */,
				94B3E1AD19DBB49100A1B8E9 /* Foundation.framework in Frameworks */,
			);
			runOnlyForDeploymentPostprocessing = 0;
		};
/* End PBXFrameworksBuildPhase section */

/* Begin PBXGroup section */
		94B3E18619DBB49100A1B8E9 = {
			isa = PBXGroup;
			children = (
				94B3E19819DBB49100A1B8E9 /* baseball_ios */,
				94B3E1B119DBB49100A1B8E9 /* baseball_iosTests */,
				94B3E19119DBB49100A1B8E9 /* Frameworks */,
				94B3E19019DBB49100A1B8E9 /* Products */,
			);
			sourceTree = "<group>";
		};
		94B3E19019DBB49100A1B8E9 /* Products */ = {
			isa = PBXGroup;
			children = (
				94B3E18F19DBB49100A1B8E9 /* baseball_ios.app */,
				94B3E1AA19DBB49100A1B8E9 /* baseball_iosTests.xctest */,
			);
			name = Products;
			sourceTree = "<group>";
		};
		94B3E19119DBB49100A1B8E9 /* Frameworks */ = {
			isa = PBXGroup;
			children = (
				94B3E19219DBB49100A1B8E9 /* Foundation.framework */,
				94B3E19419DBB49100A1B8E9 /* CoreGraphics.framework */,
				94B3E19619DBB49100A1B8E9 /* UIKit.framework */,
				94B3E1AB19DBB49100A1B8E9 /* XCTest.framework */,
			);
			name = Frameworks;
			sourceTree = "<group>";
		};
		94B3E19819DBB49100A1B8E9 /* baseball_ios */ = {
			isa = PBXGroup;
			children = (
				94B3E1A119DBB49100A1B8E9 /* XYZAppDelegate.h */,
				94B3E1A219DBB49100A1B8E9 /* XYZAppDelegate.m */,
				94B3E1C119DBB4D800A1B8E9 /* Main.storyboard */,
				94B3E1C319DBB61700A1B8E9 /* XYZBaseballAppViewController.h */,
				94B3E1C419DBB61700A1B8E9 /* XYZBaseballAppViewController.m */,
				94B3E1A419DBB49100A1B8E9 /* Images.xcassets */,
				94B3E19919DBB49100A1B8E9 /* Supporting Files */,
			);
			path = baseball_ios;
			sourceTree = "<group>";
		};
		94B3E19919DBB49100A1B8E9 /* Supporting Files */ = {
			isa = PBXGroup;
			children = (
				94B3E19A19DBB49100A1B8E9 /* baseball_ios-Info.plist */,
				94B3E19B19DBB49100A1B8E9 /* InfoPlist.strings */,
				94B3E19E19DBB49100A1B8E9 /* main.m */,
				94B3E1A019DBB49100A1B8E9 /* baseball_ios-Prefix.pch */,
			);
			name = "Supporting Files";
			sourceTree = "<group>";
		};
		94B3E1B119DBB49100A1B8E9 /* baseball_iosTests */ = {
			isa = PBXGroup;
			children = (
				94B3E1B719DBB49100A1B8E9 /* baseball_iosTests.m */,
				94B3E1B219DBB49100A1B8E9 /* Supporting Files */,
			);
			path = baseball_iosTests;
			sourceTree = "<group>";
		};
		94B3E1B219DBB49100A1B8E9 /* Supporting Files */ = {
			isa = PBXGroup;
			children = (
				94B3E1B319DBB49100A1B8E9 /* baseball_iosTests-Info.plist */,
				94B3E1B419DBB49100A1B8E9 /* InfoPlist.strings */,
			);
			name = "Supporting Files";
			sourceTree = "<group>";
		};
/* End PBXGroup section */

/* Begin PBXNativeTarget section */
		94B3E18E19DBB49100A1B8E9 /* baseball_ios */ = {
			isa = PBXNativeTarget;
			buildConfigurationList = 94B3E1BB19DBB49100A1B8E9 /* Build configuration list for PBXNativeTarget "baseball_ios" */;
			buildPhases = (
				94B3E18B19DBB49100A1B8E9 /* Sources */,
				94B3E18C19DBB49100A1B8E9 /* Frameworks */,
				94B3E18D19DBB49100A1B8E9 /* Resources */,
			);
			buildRules = (
			);
			dependencies = (
			);
			name = baseball_ios;
			productName = baseball_ios;
			productReference = 94B3E18F19DBB49100A1B8E9 /* baseball_ios.app */;
			productType = "com.apple.product-type.application";
		};
		94B3E1A919DBB49100A1B8E9 /* baseball_iosTests */ = {
			isa = PBXNativeTarget;
			buildConfigurationList = 94B3E1BE19DBB49100A1B8E9 /* Build configuration list for PBXNativeTarget "baseball_iosTests" */;
			buildPhases = (
				94B3E1A619DBB49100A1B8E9 /* Sources */,
				94B3E1A719DBB49100A1B8E9 /* Frameworks */,
				94B3E1A819DBB49100A1B8E9 /* Resources */,
			);
			buildRules = (
			);
			dependencies = (
				94B3E1B019DBB49100A1B8E9 /* PBXTargetDependency */,
			);
			name = baseball_iosTests;
			productName = baseball_iosTests;
			productReference = 94B3E1AA19DBB49100A1B8E9 /* baseball_iosTests.xctest */;
			productType = "com.apple.product-type.bundle.unit-test";
		};
/* End PBXNativeTarget section */

/* Begin PBXProject section */
		94B3E18719DBB49100A1B8E9 /* Project object */ = {
			isa = PBXProject;
			attributes = {
				CLASSPREFIX = XYZ;
				LastUpgradeCheck = 0510;
				ORGANIZATIONNAME = "Ryan Jung";
				TargetAttributes = {
					94B3E1A919DBB49100A1B8E9 = {
						TestTargetID = 94B3E18E19DBB49100A1B8E9;
					};
				};
			};
			buildConfigurationList = 94B3E18A19DBB49100A1B8E9 /* Build configuration list for PBXProject "baseball_ios" */;
			compatibilityVersion = "Xcode 3.2";
			developmentRegion = English;
			hasScannedForEncodings = 0;
			knownRegions = (
				en,
			);
			mainGroup = 94B3E18619DBB49100A1B8E9;
			productRefGroup = 94B3E19019DBB49100A1B8E9 /* Products */;
			projectDirPath = "";
			projectRoot = "";
			targets = (
				94B3E18E19DBB49100A1B8E9 /* baseball_ios */,
				94B3E1A919DBB49100A1B8E9 /* baseball_iosTests */,
			);
		};
/* End PBXProject section */

/* Begin PBXResourcesBuildPhase section */
		94B3E18D19DBB49100A1B8E9 /* Resources */ = {
			isa = PBXResourcesBuildPhase;
			buildActionMask = 2147483647;
			files = (
				94B3E1C219DBB4D800A1B8E9 /* Main.storyboard in Resources */,
				94B3E19D19DBB49100A1B8E9 /* InfoPlist.strings in Resources */,
				94B3E1A519DBB49100A1B8E9 /* Images.xcassets in Resources */,
			);
			runOnlyForDeploymentPostprocessing = 0;
		};
		94B3E1A819DBB49100A1B8E9 /* Resources */ = {
			isa = PBXResourcesBuildPhase;
			buildActionMask = 2147483647;
			files = (
				94B3E1B619DBB49100A1B8E9 /* InfoPlist.strings in Resources */,
			);
			runOnlyForDeploymentPostprocessing = 0;
		};
/* End PBXResourcesBuildPhase section */

/* Begin PBXSourcesBuildPhase section */
		94B3E18B19DBB49100A1B8E9 /* Sources */ = {
			isa = PBXSourcesBuildPhase;
			buildActionMask = 2147483647;
			files = (
				94B3E1C519DBB61700A1B8E9 /* XYZBaseballAppViewController.m in Sources */,
				94B3E1A319DBB49100A1B8E9 /* XYZAppDelegate.m in Sources */,
				94B3E19F19DBB49100A1B8E9 /* main.m in Sources */,
			);
			runOnlyForDeploymentPostprocessing = 0;
		};
		94B3E1A619DBB49100A1B8E9 /* Sources */ = {
			isa = PBXSourcesBuildPhase;
			buildActionMask = 2147483647;
			files = (
				94B3E1B819DBB49100A1B8E9 /* baseball_iosTests.m in Sources */,
			);
			runOnlyForDeploymentPostprocessing = 0;
		};
/* End PBXSourcesBuildPhase section */

/* Begin PBXTargetDependency section */
		94B3E1B019DBB49100A1B8E9 /* PBXTargetDependency */ = {
			isa = PBXTargetDependency;
			target = 94B3E18E19DBB49100A1B8E9 /* baseball_ios */;
			targetProxy = 94B3E1AF19DBB49100A1B8E9 /* PBXContainerItemProxy */;
		};
/* End PBXTargetDependency section */

/* Begin PBXVariantGroup section */
		94B3E19B19DBB49100A1B8E9 /* InfoPlist.strings */ = {
			isa = PBXVariantGroup;
			children = (
				94B3E19C19DBB49100A1B8E9 /* en */,
			);
			name = InfoPlist.strings;
			sourceTree = "<group>";
		};
		94B3E1B419DBB49100A1B8E9 /* InfoPlist.strings */ = {
			isa = PBXVariantGroup;
			children = (
				94B3E1B519DBB49100A1B8E9 /* en */,
			);
			name = InfoPlist.strings;
			sourceTree = "<group>";
		};
/* End PBXVariantGroup section */

/* Begin XCBuildConfiguration section */
		94B3E1B919DBB49100A1B8E9 /* Debug */ = {
			isa = XCBuildConfiguration;
			buildSettings = {
				ALWAYS_SEARCH_USER_PATHS = NO;
				CLANG_CXX_LANGUAGE_STANDARD = "gnu++0x";
				CLANG_CXX_LIBRARY = "libc++";
				CLANG_ENABLE_MODULES = YES;
				CLANG_ENABLE_OBJC_ARC = YES;
				CLANG_WARN_BOOL_CONVERSION = YES;
				CLANG_WARN_CONSTANT_CONVERSION = YES;
				CLANG_WARN_DIRECT_OBJC_ISA_USAGE = YES_ERROR;
				CLANG_WARN_EMPTY_BODY = YES;
				CLANG_WARN_ENUM_CONVERSION = YES;
				CLANG_WARN_INT_CONVERSION = YES;
				CLANG_WARN_OBJC_ROOT_CLASS = YES_ERROR;
				CLANG_WARN__DUPLICATE_METHOD_MATCH = YES;
				"CODE_SIGN_IDENTITY[sdk=iphoneos*]" = "iPhone Developer";
				COPY_PHASE_STRIP = NO;
				GCC_C_LANGUAGE_STANDARD = gnu99;
				GCC_DYNAMIC_NO_PIC = NO;
				GCC_OPTIMIZATION_LEVEL = 0;
				GCC_PREPROCESSOR_DEFINITIONS = (
					"DEBUG=1",
					"$(inherited)",
				);
				GCC_SYMBOLS_PRIVATE_EXTERN = NO;
				GCC_WARN_64_TO_32_BIT_CONVERSION = YES;
				GCC_WARN_ABOUT_RETURN_TYPE = YES_ERROR;
				GCC_WARN_UNDECLARED_SELECTOR = YES;
				GCC_WARN_UNINITIALIZED_AUTOS = YES_AGGRESSIVE;
				GCC_WARN_UNUSED_FUNCTION = YES;
				GCC_WARN_UNUSED_VARIABLE = YES;
				IPHONEOS_DEPLOYMENT_TARGET = 7.1;
				ONLY_ACTIVE_ARCH = YES;
				SDKROOT = iphoneos;
			};
			name = Debug;
		};
		94B3E1BA19DBB49100A1B8E9 /* Release */ = {
			isa = XCBuildConfiguration;
			buildSettings = {
				ALWAYS_SEARCH_USER_PATHS = NO;
				CLANG_CXX_LANGUAGE_STANDARD = "gnu++0x";
				CLANG_CXX_LIBRARY = "libc++";
				CLANG_ENABLE_MODULES = YES;
				CLANG_ENABLE_OBJC_ARC = YES;
				CLANG_WARN_BOOL_CONVERSION = YES;
				CLANG_WARN_CONSTANT_CONVERSION = YES;
				CLANG_WARN_DIRECT_OBJC_ISA_USAGE = YES_ERROR;
				CLANG_WARN_EMPTY_BODY = YES;
				CLANG_WARN_ENUM_CONVERSION = YES;
				CLANG_WARN_INT_CONVERSION = YES;
				CLANG_WARN_OBJC_ROOT_CLASS = YES_ERROR;
				CLANG_WARN__DUPLICATE_METHOD_MATCH = YES;
				"CODE_SIGN_IDENTITY[sdk=iphoneos*]" = "iPhone Developer";
				COPY_PHASE_STRIP = YES;
				ENABLE_NS_ASSERTIONS = NO;
				GCC_C_LANGUAGE_STANDARD = gnu99;
				GCC_WARN_64_TO_32_BIT_CONVERSION = YES;
				GCC_WARN_ABOUT_RETURN_TYPE = YES_ERROR;
				GCC_WARN_UNDECLARED_SELECTOR = YES;
				GCC_WARN_UNINITIALIZED_AUTOS = YES_AGGRESSIVE;
				GCC_WARN_UNUSED_FUNCTION = YES;
				GCC_WARN_UNUSED_VARIABLE = YES;
				IPHONEOS_DEPLOYMENT_TARGET = 7.1;
				SDKROOT = iphoneos;
				VALIDATE_PRODUCT = YES;
			};
			name = Release;
		};
		94B3E1BC19DBB49100A1B8E9 /* Debug */ = {
			isa = XCBuildConfiguration;
			buildSettings = {
				ASSETCATALOG_COMPILER_APPICON_NAME = AppIcon;
				ASSETCATALOG_COMPILER_LAUNCHIMAGE_NAME = LaunchImage;
				GCC_PRECOMPILE_PREFIX_HEADER = YES;
				GCC_PREFIX_HEADER = "baseball_ios/baseball_ios-Prefix.pch";
				INFOPLIST_FILE = "baseball_ios/baseball_ios-Info.plist";
				PRODUCT_NAME = "$(TARGET_NAME)";
				WRAPPER_EXTENSION = app;
			};
			name = Debug;
		};
		94B3E1BD19DBB49100A1B8E9 /* Release */ = {
			isa = XCBuildConfiguration;
			buildSettings = {
				ASSETCATALOG_COMPILER_APPICON_NAME = AppIcon;
				ASSETCATALOG_COMPILER_LAUNCHIMAGE_NAME = LaunchImage;
				GCC_PRECOMPILE_PREFIX_HEADER = YES;
				GCC_PREFIX_HEADER = "baseball_ios/baseball_ios-Prefix.pch";
				INFOPLIST_FILE = "baseball_ios/baseball_ios-Info.plist";
				PRODUCT_NAME = "$(TARGET_NAME)";
				WRAPPER_EXTENSION = app;
			};
			name = Release;
		};
		94B3E1BF19DBB49100A1B8E9 /* Debug */ = {
			isa = XCBuildConfiguration;
			buildSettings = {
				BUNDLE_LOADER = "$(BUILT_PRODUCTS_DIR)/baseball_ios.app/baseball_ios";
				FRAMEWORK_SEARCH_PATHS = (
					"$(SDKROOT)/Developer/Library/Frameworks",
					"$(inherited)",
					"$(DEVELOPER_FRAMEWORKS_DIR)",
				);
				GCC_PRECOMPILE_PREFIX_HEADER = YES;
				GCC_PREFIX_HEADER = "baseball_ios/baseball_ios-Prefix.pch";
				GCC_PREPROCESSOR_DEFINITIONS = (
					"DEBUG=1",
					"$(inherited)",
				);
				INFOPLIST_FILE = "baseball_iosTests/baseball_iosTests-Info.plist";
				PRODUCT_NAME = "$(TARGET_NAME)";
				TEST_HOST = "$(BUNDLE_LOADER)";
				WRAPPER_EXTENSION = xctest;
			};
			name = Debug;
		};
		94B3E1C019DBB49100A1B8E9 /* Release */ = {
			isa = XCBuildConfiguration;
			buildSettings = {
				BUNDLE_LOADER = "$(BUILT_PRODUCTS_DIR)/baseball_ios.app/baseball_ios";
				FRAMEWORK_SEARCH_PATHS = (
					"$(SDKROOT)/Developer/Library/Frameworks",
					"$(inherited)",
					"$(DEVELOPER_FRAMEWORKS_DIR)",
				);
				GCC_PRECOMPILE_PREFIX_HEADER = YES;
				GCC_PREFIX_HEADER = "baseball_ios/baseball_ios-Prefix.pch";
				INFOPLIST_FILE = "baseball_iosTests/baseball_iosTests-Info.plist";
				PRODUCT_NAME = "$(TARGET_NAME)";
				TEST_HOST = "$(BUNDLE_LOADER)";
				WRAPPER_EXTENSION = xctest;
			};
			name = Release;
		};
/* End XCBuildConfiguration section */

/* Begin XCConfigurationList section */
		94B3E18A19DBB49100A1B8E9 /* Build configuration list for PBXProject "baseball_ios" */ = {
			isa = XCConfigurationList;
			buildConfigurations = (
				94B3E1B919DBB49100A1B8E9 /* Debug */,
				94B3E1BA19DBB49100A1B8E9 /* Release */,
			);
			defaultConfigurationIsVisible = 0;
			defaultConfigurationName = Release;
		};
		94B3E1BB19DBB49100A1B8E9 /* Build configuration list for PBXNativeTarget "baseball_ios" */ = {
			isa = XCConfigurationList;
			buildConfigurations = (
				94B3E1BC19DBB49100A1B8E9 /* Debug */,
				94B3E1BD19DBB49100A1B8E9 /* Release */,
			);
			defaultConfigurationIsVisible = 0;
		};
		94B3E1BE19DBB49100A1B8E9 /* Build configuration list for PBXNativeTarget "baseball_iosTests" */ = {
			isa = XCConfigurationList;
			buildConfigurations = (
				94B3E1BF19DBB49100A1B8E9 /* Debug */,
				94B3E1C019DBB49100A1B8E9 /* Release */,
			);
			defaultConfigurationIsVisible = 0;
		};
/* End XCConfigurationList section */
	};
	rootObject = 94B3E18719DBB49100A1B8E9 /* Project object */;
}
